
Microsoft Visual Studio Solution File, Format Version 12.00
# Visual Studio Version 17
VisualStudioVersion = 17.6.33829.357
MinimumVisualStudioVersion = 10.0.40219.1
Project("{8BC9CEB8-8B4A-11D0-8D11-00A0C91BC942}") = "c++ project matformat", "c++ project matformat\c++ project matformat.vcxproj", "{7A93F4E1-BB81-41FA-BD54-B17F66D20890}"
EndProject
Global
	GlobalSection(SolutionConfigurationPlatforms) = preSolution
		Debug|x64 = Debug|x64
		Debug|x86 = Debug|x86
		Release|x64 = Release|x64
		Release|x86 = Release|x86
	EndGlobalSection
	GlobalSection(ProjectConfigurationPlatforms) = postSolution
		{7A93F4E1-BB81-41FA-BD54-B17F66D20890}.Debug|x64.ActiveCfg = Debug|x64
		{7A93F4E1-BB81-41FA-BD54-B17F66D20890}.Debug|x64.Build.0 = Debug|x64
		{7A93F4E1-BB81-41FA-BD54-B17F66D20890}.Debug|x86.ActiveCfg = Debug|Win32
		{7A93F4E1-BB81-41FA-BD54-B17F66D20890}.Debug|x86.Build.0 = Debug|Win32
		{7A93F4E1-BB81-41FA-BD54-B17F66D20890}.Release|x64.ActiveCfg = Release|x64
		{7A93F4E1-BB81-41FA-BD54-B17F66D20890}.Release|x64.Build.0 = Release|x64
		{7A93F4E1-BB81-41FA-BD54-B17F66D20890}.Release|x86.ActiveCfg = Release|Win32
		{7A93F4E1-BB81-41FA-BD54-B17F66D20890}.Release|x86.Build.0 = Release|Win32
	EndGlobalSection
	GlobalSection(SolutionProperties) = preSolution
		HideSolutionNode = FALSE
	EndGlobalSection
	GlobalSection(ExtensibilityGlobals) = postSolution
		SolutionGuid = {2EDE5BAB-C1AF-42B4-ACE8-319A3F1B0F16}
	EndGlobalSection
EndGlobal
